
Microsoft Visual Studio Solution File, Format Version 12.00
# Visual Studio Version 17
VisualStudioVersion = 17.6.33801.468
MinimumVisualStudioVersion = 10.0.40219.1
Project("{FAE04EC0-301F-11D3-BF4B-00C04F79EFBC}") = "ContactsApi", "ContactsApi\ContactsApi.csproj", "{EA83E21D-B923-4983-970C-8A19B8FE65EE}"
EndProject
Global
	GlobalSection(SolutionConfigurationPlatforms) = preSolution
		Debug|Any CPU = Debug|Any CPU
		Release|Any CPU = Release|Any CPU
	EndGlobalSection
	GlobalSection(ProjectConfigurationPlatforms) = postSolution
		{EA83E21D-B923-4983-970C-8A19B8FE65EE}.Debug|Any CPU.ActiveCfg = Debug|Any CPU
		{EA83E21D-B923-4983-970C-8A19B8FE65EE}.Debug|Any CPU.Build.0 = Debug|Any CPU
		{EA83E21D-B923-4983-970C-8A19B8FE65EE}.Release|Any CPU.ActiveCfg = Release|Any CPU
		{EA83E21D-B923-4983-970C-8A19B8FE65EE}.Release|Any CPU.Build.0 = Release|Any CPU
	EndGlobalSection
	GlobalSection(SolutionProperties) = preSolution
		HideSolutionNode = FALSE
	EndGlobalSection
	GlobalSection(ExtensibilityGlobals) = postSolution
		SolutionGuid = {69CE3942-8916-470C-BE57-6E0FFA708F05}
	EndGlobalSection
EndGlobal
